
Microsoft Visual Studio Solution File, Format Version 12.00
# Visual Studio Version 16
VisualStudioVersion = 16.0.32228.343
MinimumVisualStudioVersion = 10.0.40219.1
Project("{A07B5EB6-E848-4116-A8D0-A826331D98C6}") = "ShelterBackendMicroservices", "ShelterBackendMicroservices\ShelterBackendMicroservices.sfproj", "{DB7CEAB1-9F42-41A3-8343-43E4C9545949}"
EndProject
Project("{FAE04EC0-301F-11D3-BF4B-00C04F79EFBC}") = "UserManagementMicroservice", "UserManagementMicroservice\UserManagementMicroservice.csproj", "{A825F063-A7BF-4A7A-9AB1-CBBAA912CDDA}"
EndProject
Project("{FAE04EC0-301F-11D3-BF4B-00C04F79EFBC}") = "ServiceManagementMicroservice", "ServiceManagementMicroservice\ServiceManagementMicroservice.csproj", "{96160A96-D8B7-44B4-B5F6-DD0E89F1FF2E}"
EndProject
Project("{FAE04EC0-301F-11D3-BF4B-00C04F79EFBC}") = "SystemManagementMicroservice", "SystemManagementMicroservice\SystemManagementMicroservice.csproj", "{C712632F-3274-4D81-A456-DAA439536343}"
EndProject
Global
	GlobalSection(SolutionConfigurationPlatforms) = preSolution
		Debug|Any CPU = Debug|Any CPU
		Debug|x64 = Debug|x64
		Release|Any CPU = Release|Any CPU
		Release|x64 = Release|x64
	EndGlobalSection
	GlobalSection(ProjectConfigurationPlatforms) = postSolution
		{DB7CEAB1-9F42-41A3-8343-43E4C9545949}.Debug|Any CPU.ActiveCfg = Debug|x64
		{DB7CEAB1-9F42-41A3-8343-43E4C9545949}.Debug|x64.ActiveCfg = Debug|x64
		{DB7CEAB1-9F42-41A3-8343-43E4C9545949}.Debug|x64.Build.0 = Debug|x64
		{DB7CEAB1-9F42-41A3-8343-43E4C9545949}.Debug|x64.Deploy.0 = Debug|x64
		{DB7CEAB1-9F42-41A3-8343-43E4C9545949}.Release|Any CPU.ActiveCfg = Release|x64
		{DB7CEAB1-9F42-41A3-8343-43E4C9545949}.Release|x64.ActiveCfg = Release|x64
		{DB7CEAB1-9F42-41A3-8343-43E4C9545949}.Release|x64.Build.0 = Release|x64
		{DB7CEAB1-9F42-41A3-8343-43E4C9545949}.Release|x64.Deploy.0 = Release|x64
		{A825F063-A7BF-4A7A-9AB1-CBBAA912CDDA}.Debug|Any CPU.ActiveCfg = Debug|Any CPU
		{A825F063-A7BF-4A7A-9AB1-CBBAA912CDDA}.Debug|Any CPU.Build.0 = Debug|Any CPU
		{A825F063-A7BF-4A7A-9AB1-CBBAA912CDDA}.Debug|x64.ActiveCfg = Debug|Any CPU
		{A825F063-A7BF-4A7A-9AB1-CBBAA912CDDA}.Debug|x64.Build.0 = Debug|Any CPU
		{A825F063-A7BF-4A7A-9AB1-CBBAA912CDDA}.Release|Any CPU.ActiveCfg = Release|Any CPU
		{A825F063-A7BF-4A7A-9AB1-CBBAA912CDDA}.Release|Any CPU.Build.0 = Release|Any CPU
		{A825F063-A7BF-4A7A-9AB1-CBBAA912CDDA}.Release|x64.ActiveCfg = Release|Any CPU
		{A825F063-A7BF-4A7A-9AB1-CBBAA912CDDA}.Release|x64.Build.0 = Release|Any CPU
		{96160A96-D8B7-44B4-B5F6-DD0E89F1FF2E}.Debug|Any CPU.ActiveCfg = Debug|Any CPU
		{96160A96-D8B7-44B4-B5F6-DD0E89F1FF2E}.Debug|Any CPU.Build.0 = Debug|Any CPU
		{96160A96-D8B7-44B4-B5F6-DD0E89F1FF2E}.Debug|x64.ActiveCfg = Debug|Any CPU
		{96160A96-D8B7-44B4-B5F6-DD0E89F1FF2E}.Debug|x64.Build.0 = Debug|Any CPU
		{96160A96-D8B7-44B4-B5F6-DD0E89F1FF2E}.Release|Any CPU.ActiveCfg = Release|Any CPU
		{96160A96-D8B7-44B4-B5F6-DD0E89F1FF2E}.Release|Any CPU.Build.0 = Release|Any CPU
		{96160A96-D8B7-44B4-B5F6-DD0E89F1FF2E}.Release|x64.ActiveCfg = Release|Any CPU
		{96160A96-D8B7-44B4-B5F6-DD0E89F1FF2E}.Release|x64.Build.0 = Release|Any CPU
		{C712632F-3274-4D81-A456-DAA439536343}.Debug|Any CPU.ActiveCfg = Debug|Any CPU
		{C712632F-3274-4D81-A456-DAA439536343}.Debug|Any CPU.Build.0 = Debug|Any CPU
		{C712632F-3274-4D81-A456-DAA439536343}.Debug|x64.ActiveCfg = Debug|Any CPU
		{C712632F-3274-4D81-A456-DAA439536343}.Debug|x64.Build.0 = Debug|Any CPU
		{C712632F-3274-4D81-A456-DAA439536343}.Release|Any CPU.ActiveCfg = Release|Any CPU
		{C712632F-3274-4D81-A456-DAA439536343}.Release|Any CPU.Build.0 = Release|Any CPU
		{C712632F-3274-4D81-A456-DAA439536343}.Release|x64.ActiveCfg = Release|Any CPU
		{C712632F-3274-4D81-A456-DAA439536343}.Release|x64.Build.0 = Release|Any CPU
	EndGlobalSection
	GlobalSection(SolutionProperties) = preSolution
		HideSolutionNode = FALSE
	EndGlobalSection
	GlobalSection(ExtensibilityGlobals) = postSolution
		SolutionGuid = {8B4C8B60-0D63-4424-A8BE-87FBD83F6DF6}
	EndGlobalSection
EndGlobal
